schema: '2.0'
stages:
  run_full_mlops_cycle:
    cmd: python ../03_orchestration/03_prefect_mlops_pipeline.py
    deps:
    - path: ../01_data_versioning/01_creditcard_dataset.csv
      hash: md5
      md5: b71aa7b4475cbb2e38b358067a7e9190
      size: 148701764
    - path: ../02_feature_store/feature_repo/02_fraud_feature_definitions.py
      hash: md5
      md5: a9db185338b0c443ae0a48c4293daa02
      size: 2015
    - path: ../02_feature_store/feature_repo/feature_store.yaml
      hash: md5
      md5: f77b67b24140e08367d2f4e9770dc9f0
      size: 193
    - path: ../03_orchestration/03_pipeline_params.yaml
      hash: md5
      md5: 7c3076c025a5f11bcb1f79b612cf5ce4
      size: 65
    - path: ../03_orchestration/03_prefect_mlops_pipeline.py
      hash: md5
      md5: f14ee056d00b3c7eb1ab5ac2f7f41763
      size: 12803
    params:
      ../03_orchestration/03_pipeline_params.yaml:
        pipeline.random_state: 42
        pipeline.sample_size: 100
        pipeline.test_size: 0.2
    outs:
    - path: 
        ../02_feature_store/feature_repo/data/02_fraud_feature_source.parquet
      hash: md5
      md5: 6d35fd22ff4bbc7bac59f416de5a3c5f
      size: 44080
    - path: ../02_feature_store/feature_repo/data/02_latest_online_features.json
      hash: md5
      md5: ddcc2a05e2bc89342d852feaa29777d1
      size: 849
    - path: ../06_model_artifacts/06_best_model.joblib
      hash: md5
      md5: 7a499c7433d00fdd043bf6c43d2a6fa3
      size: 79546
    - path: ../06_model_artifacts/06_model_metadata.json
      hash: md5
      md5: 4205918dcf697676abd1de29228650d2
      size: 2589
    - path: ../06_model_artifacts/06_model_results.csv
      hash: md5
      md5: fba2a79fda27b54a7eeada4307746f14
      size: 288
    - path: ../06_model_artifacts/06_scaler.joblib
      hash: md5
      md5: 48a09ae1efdbb4c624b99f9bae381f7d
      size: 1679
