schema: '2.0'
stages:
  run_fraud_pipeline:
    cmd: python mlops_pipeline.py
    deps:
    - path: creditcard.csv
      hash: md5
      md5: b71aa7b4475cbb2e38b358067a7e9190
      size: 148701764
    - path: mlops_pipeline.py
      hash: md5
      md5: df4c35edd91e5131ffa1f51dbca7cb72
      size: 8119
    - path: params.yaml
      hash: md5
      md5: 7c3076c025a5f11bcb1f79b612cf5ce4
      size: 65
    params:
      params.yaml:
        pipeline.random_state: 42
        pipeline.sample_size: 100
        pipeline.test_size: 0.2
    outs:
    - path: packaged_model/best_model.joblib
      hash: md5
      md5: 7a499c7433d00fdd043bf6c43d2a6fa3
      size: 79546
    - path: packaged_model/model_metadata.json
      hash: md5
      md5: c5c64af59aaf83faa453aca143209cf1
      size: 818
    - path: packaged_model/model_results.csv
      hash: md5
      md5: fba2a79fda27b54a7eeada4307746f14
      size: 288
    - path: packaged_model/scaler.joblib
      hash: md5
      md5: 48463e8b92cc4633536925cd9eafc28b
      size: 1679
